
Microsoft Visual Studio Solution File, Format Version 12.00
# Visual Studio Version 17
VisualStudioVersion = 17.4.33205.214
MinimumVisualStudioVersion = 10.0.40219.1
Project("{FAE04EC0-301F-11D3-BF4B-00C04F79EFBC}") = "FromIdiot2Junior4", "FromIdiot2Junior4\FromIdiot2Junior4.csproj", "{28341944-F738-4865-8862-769582A54EAF}"
EndProject
Global
	GlobalSection(SolutionConfigurationPlatforms) = preSolution
		Debug|Any CPU = Debug|Any CPU
		Release|Any CPU = Release|Any CPU
	EndGlobalSection
	GlobalSection(ProjectConfigurationPlatforms) = postSolution
		{28341944-F738-4865-8862-769582A54EAF}.Debug|Any CPU.ActiveCfg = Debug|Any CPU
		{28341944-F738-4865-8862-769582A54EAF}.Debug|Any CPU.Build.0 = Debug|Any CPU
		{28341944-F738-4865-8862-769582A54EAF}.Release|Any CPU.ActiveCfg = Release|Any CPU
		{28341944-F738-4865-8862-769582A54EAF}.Release|Any CPU.Build.0 = Release|Any CPU
	EndGlobalSection
	GlobalSection(SolutionProperties) = preSolution
		HideSolutionNode = FALSE
	EndGlobalSection
	GlobalSection(ExtensibilityGlobals) = postSolution
		SolutionGuid = {29AFBE33-7A7E-4F65-95D2-F7EF6BA5DE79}
	EndGlobalSection
EndGlobal
